
Microsoft Visual Studio Solution File, Format Version 12.00
# Visual Studio 2012
Project("{FAE04EC0-301F-11D3-BF4B-00C04F79EFBC}") = "StamProject", "StamProject\StamProject.csproj", "{F291E326-861E-4042-B173-A307FBF62ABD}"
EndProject
Global
	GlobalSection(SolutionConfigurationPlatforms) = preSolution
		Debug|Any CPU = Debug|Any CPU
		Release|Any CPU = Release|Any CPU
	EndGlobalSection
	GlobalSection(ProjectConfigurationPlatforms) = postSolution
		{F291E326-861E-4042-B173-A307FBF62ABD}.Debug|Any CPU.ActiveCfg = Debug|Any CPU
		{F291E326-861E-4042-B173-A307FBF62ABD}.Debug|Any CPU.Build.0 = Debug|Any CPU
		{F291E326-861E-4042-B173-A307FBF62ABD}.Release|Any CPU.ActiveCfg = Release|Any CPU
		{F291E326-861E-4042-B173-A307FBF62ABD}.Release|Any CPU.Build.0 = Release|Any CPU
	EndGlobalSection
	GlobalSection(SolutionProperties) = preSolution
		HideSolutionNode = FALSE
	EndGlobalSection
EndGlobal
